// !$*UTF8*$!
{
	archiveVersion = 1;
	classes = {
	};
	objectVersion = 56;
	objects = {

/* Begin PBXBuildFile section */
		5A26E3CA29D9EBF700920F40 /* DogCat_App.swift in Sources */ = {isa = PBXBuildFile; fileRef = 5A26E3C929D9EBF700920F40 /* DogCat_App.swift */; };
		5A26E3CC29D9EBF700920F40 /* ContentView.swift in Sources */ = {isa = PBXBuildFile; fileRef = 5A26E3CB29D9EBF700920F40 /* ContentView.swift */; };
		5A26E3CE29D9EBF800920F40 /* Assets.xcassets in Resources */ = {isa = PBXBuildFile; fileRef = 5A26E3CD29D9EBF800920F40 /* Assets.xcassets */; };
		5A26E3D129D9EBF800920F40 /* Preview Assets.xcassets in Resources */ = {isa = PBXBuildFile; fileRef = 5A26E3D029D9EBF800920F40 /* Preview Assets.xcassets */; };
		5A26E3D929D9EEF400920F40 /* MobileNetV2.mlmodel in Sources */ = {isa = PBXBuildFile; fileRef = 5A26E3D729D9EEF400920F40 /* MobileNetV2.mlmodel */; };
		5A26E3DA29D9EEF400920F40 /* sample.json in Resources */ = {isa = PBXBuildFile; fileRef = 5A26E3D829D9EEF400920F40 /* sample.json */; };
		5A26E3DC29D9EEFD00920F40 /* Constants.swift in Sources */ = {isa = PBXBuildFile; fileRef = 5A26E3DB29D9EEFD00920F40 /* Constants.swift */; };
		5A26E3DE29D9EFDD00920F40 /* Animal.swift in Sources */ = {isa = PBXBuildFile; fileRef = 5A26E3DD29D9EFDD00920F40 /* Animal.swift */; };
		5A26E3E129D9F10700920F40 /* Alamofire in Frameworks */ = {isa = PBXBuildFile; productRef = 5A26E3E029D9F10700920F40 /* Alamofire */; };
		5A26E3E429D9F14300920F40 /* SwiftyJSON in Frameworks */ = {isa = PBXBuildFile; productRef = 5A26E3E329D9F14300920F40 /* SwiftyJSON */; };
		5A26E3E629D9F38900920F40 /* AnimalModel.swift in Sources */ = {isa = PBXBuildFile; fileRef = 5A26E3E529D9F38900920F40 /* AnimalModel.swift */; };
/* End PBXBuildFile section */

/* Begin PBXFileReference section */
		5A26E3C629D9EBF700920F40 /* DogCat App.app */ = {isa = PBXFileReference; explicitFileType = wrapper.application; includeInIndex = 0; path = "DogCat App.app"; sourceTree = BUILT_PRODUCTS_DIR; };
		5A26E3C929D9EBF700920F40 /* DogCat_App.swift */ = {isa = PBXFileReference; lastKnownFileType = sourcecode.swift; path = DogCat_App.swift; sourceTree = "<group>"; };
		5A26E3CB29D9EBF700920F40 /* ContentView.swift */ = {isa = PBXFileReference; lastKnownFileType = sourcecode.swift; path = ContentView.swift; sourceTree = "<group>"; };
		5A26E3CD29D9EBF800920F40 /* Assets.xcassets */ = {isa = PBXFileReference; lastKnownFileType = folder.assetcatalog; path = Assets.xcassets; sourceTree = "<group>"; };
		5A26E3D029D9EBF800920F40 /* Preview Assets.xcassets */ = {isa = PBXFileReference; lastKnownFileType = folder.assetcatalog; path = "Preview Assets.xcassets"; sourceTree = "<group>"; };
		5A26E3D729D9EEF400920F40 /* MobileNetV2.mlmodel */ = {isa = PBXFileReference; lastKnownFileType = file.mlmodel; path = MobileNetV2.mlmodel; sourceTree = "<group>"; };
		5A26E3D829D9EEF400920F40 /* sample.json */ = {isa = PBXFileReference; fileEncoding = 4; lastKnownFileType = text.json; path = sample.json; sourceTree = "<group>"; };
		5A26E3DB29D9EEFD00920F40 /* Constants.swift */ = {isa = PBXFileReference; fileEncoding = 4; lastKnownFileType = sourcecode.swift; path = Constants.swift; sourceTree = "<group>"; };
		5A26E3DD29D9EFDD00920F40 /* Animal.swift */ = {isa = PBXFileReference; lastKnownFileType = sourcecode.swift; path = Animal.swift; sourceTree = "<group>"; };
		5A26E3E529D9F38900920F40 /* AnimalModel.swift */ = {isa = PBXFileReference; lastKnownFileType = sourcecode.swift; path = AnimalModel.swift; sourceTree = "<group>"; };
/* End PBXFileReference section */

/* Begin PBXFrameworksBuildPhase section */
		5A26E3C329D9EBF700920F40 /* Frameworks */ = {
			isa = PBXFrameworksBuildPhase;
			buildActionMask = 2147483647;
			files = (
				5A26E3E429D9F14300920F40 /* SwiftyJSON in Frameworks */,
				5A26E3E129D9F10700920F40 /* Alamofire in Frameworks */,
			);
			runOnlyForDeploymentPostprocessing = 0;
		};
/* End PBXFrameworksBuildPhase section */

/* Begin PBXGroup section */
		5A26E3BD29D9EBF700920F40 = {
			isa = PBXGroup;
			children = (
				5A26E3C829D9EBF700920F40 /* DogCat App */,
				5A26E3C729D9EBF700920F40 /* Products */,
			);
			sourceTree = "<group>";
		};
		5A26E3C729D9EBF700920F40 /* Products */ = {
			isa = PBXGroup;
			children = (
				5A26E3C629D9EBF700920F40 /* DogCat App.app */,
			);
			name = Products;
			sourceTree = "<group>";
		};
		5A26E3C829D9EBF700920F40 /* DogCat App */ = {
			isa = PBXGroup;
			children = (
				5A26E3C929D9EBF700920F40 /* DogCat_App.swift */,
				5A26E3CB29D9EBF700920F40 /* ContentView.swift */,
				5A26E3DD29D9EFDD00920F40 /* Animal.swift */,
				5A26E3E529D9F38900920F40 /* AnimalModel.swift */,
				5A26E3DB29D9EEFD00920F40 /* Constants.swift */,
				5A26E3D729D9EEF400920F40 /* MobileNetV2.mlmodel */,
				5A26E3D829D9EEF400920F40 /* sample.json */,
				5A26E3CD29D9EBF800920F40 /* Assets.xcassets */,
				5A26E3CF29D9EBF800920F40 /* Preview Content */,
			);
			path = "DogCat App";
			sourceTree = "<group>";
		};
		5A26E3CF29D9EBF800920F40 /* Preview Content */ = {
			isa = PBXGroup;
			children = (
				5A26E3D029D9EBF800920F40 /* Preview Assets.xcassets */,
			);
			path = "Preview Content";
			sourceTree = "<group>";
		};
/* End PBXGroup section */

/* Begin PBXNativeTarget section */
		5A26E3C529D9EBF700920F40 /* DogCat App */ = {
			isa = PBXNativeTarget;
			buildConfigurationList = 5A26E3D429D9EBF800920F40 /* Build configuration list for PBXNativeTarget "DogCat App" */;
			buildPhases = (
				5A26E3C229D9EBF700920F40 /* Sources */,
				5A26E3C329D9EBF700920F40 /* Frameworks */,
				5A26E3C429D9EBF700920F40 /* Resources */,
			);
			buildRules = (
			);
			dependencies = (
			);
			name = "DogCat App";
			packageProductDependencies = (
				5A26E3E029D9F10700920F40 /* Alamofire */,
				5A26E3E329D9F14300920F40 /* SwiftyJSON */,
			);
			productName = "DogCat App";
			productReference = 5A26E3C629D9EBF700920F40 /* DogCat App.app */;
			productType = "com.apple.product-type.application";
		};
/* End PBXNativeTarget section */

/* Begin PBXProject section */
		5A26E3BE29D9EBF700920F40 /* Project object */ = {
			isa = PBXProject;
			attributes = {
				BuildIndependentTargetsInParallel = 1;
				LastSwiftUpdateCheck = 1430;
				LastUpgradeCheck = 1430;
				TargetAttributes = {
					5A26E3C529D9EBF700920F40 = {
						CreatedOnToolsVersion = 14.3;
					};
				};
			};
			buildConfigurationList = 5A26E3C129D9EBF700920F40 /* Build configuration list for PBXProject "DogCat App" */;
			compatibilityVersion = "Xcode 14.0";
			developmentRegion = en;
			hasScannedForEncodings = 0;
			knownRegions = (
				en,
				Base,
			);
			mainGroup = 5A26E3BD29D9EBF700920F40;
			packageReferences = (
				5A26E3DF29D9F10700920F40 /* XCRemoteSwiftPackageReference "Alamofire" */,
				5A26E3E229D9F14300920F40 /* XCRemoteSwiftPackageReference "SwiftyJSON" */,
			);
			productRefGroup = 5A26E3C729D9EBF700920F40 /* Products */;
			projectDirPath = "";
			projectRoot = "";
			targets = (
				5A26E3C529D9EBF700920F40 /* DogCat App */,
			);
		};
/* End PBXProject section */

/* Begin PBXResourcesBuildPhase section */
		5A26E3C429D9EBF700920F40 /* Resources */ = {
			isa = PBXResourcesBuildPhase;
			buildActionMask = 2147483647;
			files = (
				5A26E3D129D9EBF800920F40 /* Preview Assets.xcassets in Resources */,
				5A26E3CE29D9EBF800920F40 /* Assets.xcassets in Resources */,
				5A26E3DA29D9EEF400920F40 /* sample.json in Resources */,
			);
			runOnlyForDeploymentPostprocessing = 0;
		};
/* End PBXResourcesBuildPhase section */

/* Begin PBXSourcesBuildPhase section */
		5A26E3C229D9EBF700920F40 /* Sources */ = {
			isa = PBXSourcesBuildPhase;
			buildActionMask = 2147483647;
			files = (
				5A26E3D929D9EEF400920F40 /* MobileNetV2.mlmodel in Sources */,
				5A26E3E629D9F38900920F40 /* AnimalModel.swift in Sources */,
				5A26E3DE29D9EFDD00920F40 /* Animal.swift in Sources */,
				5A26E3CC29D9EBF700920F40 /* ContentView.swift in Sources */,
				5A26E3CA29D9EBF700920F40 /* DogCat_App.swift in Sources */,
				5A26E3DC29D9EEFD00920F40 /* Constants.swift in Sources */,
			);
			runOnlyForDeploymentPostprocessing = 0;
		};
/* End PBXSourcesBuildPhase section */

/* Begin XCBuildConfiguration section */
		5A26E3D229D9EBF800920F40 /* Debug */ = {
			isa = XCBuildConfiguration;
			buildSettings = {
				ALWAYS_SEARCH_USER_PATHS = NO;
				CLANG_ANALYZER_NONNULL = YES;
				CLANG_ANALYZER_NUMBER_OBJECT_CONVERSION = YES_AGGRESSIVE;
				CLANG_CXX_LANGUAGE_STANDARD = "gnu++20";
				CLANG_ENABLE_MODULES = YES;
				CLANG_ENABLE_OBJC_ARC = YES;
				CLANG_ENABLE_OBJC_WEAK = YES;
				CLANG_WARN_BLOCK_CAPTURE_AUTORELEASING = YES;
				CLANG_WARN_BOOL_CONVERSION = YES;
				CLANG_WARN_COMMA = YES;
				CLANG_WARN_CONSTANT_CONVERSION = YES;
				CLANG_WARN_DEPRECATED_OBJC_IMPLEMENTATIONS = YES;
				CLANG_WARN_DIRECT_OBJC_ISA_USAGE = YES_ERROR;
				CLANG_WARN_DOCUMENTATION_COMMENTS = YES;
				CLANG_WARN_EMPTY_BODY = YES;
				CLANG_WARN_ENUM_CONVERSION = YES;
				CLANG_WARN_INFINITE_RECURSION = YES;
				CLANG_WARN_INT_CONVERSION = YES;
				CLANG_WARN_NON_LITERAL_NULL_CONVERSION = YES;
				CLANG_WARN_OBJC_IMPLICIT_RETAIN_SELF = YES;
				CLANG_WARN_OBJC_LITERAL_CONVERSION = YES;
				CLANG_WARN_OBJC_ROOT_CLASS = YES_ERROR;
				CLANG_WARN_QUOTED_INCLUDE_IN_FRAMEWORK_HEADER = YES;
				CLANG_WARN_RANGE_LOOP_ANALYSIS = YES;
				CLANG_WARN_STRICT_PROTOTYPES = YES;
				CLANG_WARN_SUSPICIOUS_MOVE = YES;
				CLANG_WARN_UNGUARDED_AVAILABILITY = YES_AGGRESSIVE;
				CLANG_WARN_UNREACHABLE_CODE = YES;
				CLANG_WARN__DUPLICATE_METHOD_MATCH = YES;
				COPY_PHASE_STRIP = NO;
				DEBUG_INFORMATION_FORMAT = dwarf;
				ENABLE_STRICT_OBJC_MSGSEND = YES;
				ENABLE_TESTABILITY = YES;
				GCC_C_LANGUAGE_STANDARD = gnu11;
				GCC_DYNAMIC_NO_PIC = NO;
				GCC_NO_COMMON_BLOCKS = YES;
				GCC_OPTIMIZATION_LEVEL = 0;
				GCC_PREPROCESSOR_DEFINITIONS = (
					"DEBUG=1",
					"$(inherited)",
				);
				GCC_WARN_64_TO_32_BIT_CONVERSION = YES;
				GCC_WARN_ABOUT_RETURN_TYPE = YES_ERROR;
				GCC_WARN_UNDECLARED_SELECTOR = YES;
				GCC_WARN_UNINITIALIZED_AUTOS = YES_AGGRESSIVE;
				GCC_WARN_UNUSED_FUNCTION = YES;
				GCC_WARN_UNUSED_VARIABLE = YES;
				IPHONEOS_DEPLOYMENT_TARGET = 16.4;
				MTL_ENABLE_DEBUG_INFO = INCLUDE_SOURCE;
				MTL_FAST_MATH = YES;
				ONLY_ACTIVE_ARCH = YES;
				SDKROOT = iphoneos;
				SWIFT_ACTIVE_COMPILATION_CONDITIONS = DEBUG;
				SWIFT_OPTIMIZATION_LEVEL = "-Onone";
			};
			name = Debug;
		};
		5A26E3D329D9EBF800920F40 /* Release */ = {
			isa = XCBuildConfiguration;
			buildSettings = {
				ALWAYS_SEARCH_USER_PATHS = NO;
				CLANG_ANALYZER_NONNULL = YES;
				CLANG_ANALYZER_NUMBER_OBJECT_CONVERSION = YES_AGGRESSIVE;
				CLANG_CXX_LANGUAGE_STANDARD = "gnu++20";
				CLANG_ENABLE_MODULES = YES;
				CLANG_ENABLE_OBJC_ARC = YES;
				CLANG_ENABLE_OBJC_WEAK = YES;
				CLANG_WARN_BLOCK_CAPTURE_AUTORELEASING = YES;
				CLANG_WARN_BOOL_CONVERSION = YES;
				CLANG_WARN_COMMA = YES;
				CLANG_WARN_CONSTANT_CONVERSION = YES;
				CLANG_WARN_DEPRECATED_OBJC_IMPLEMENTATIONS = YES;
				CLANG_WARN_DIRECT_OBJC_ISA_USAGE = YES_ERROR;
				CLANG_WARN_DOCUMENTATION_COMMENTS = YES;
				CLANG_WARN_EMPTY_BODY = YES;
				CLANG_WARN_ENUM_CONVERSION = YES;
				CLANG_WARN_INFINITE_RECURSION = YES;
				CLANG_WARN_INT_CONVERSION = YES;
				CLANG_WARN_NON_LITERAL_NULL_CONVERSION = YES;
				CLANG_WARN_OBJC_IMPLICIT_RETAIN_SELF = YES;
				CLANG_WARN_OBJC_LITERAL_CONVERSION = YES;
				CLANG_WARN_OBJC_ROOT_CLASS = YES_ERROR;
				CLANG_WARN_QUOTED_INCLUDE_IN_FRAMEWORK_HEADER = YES;
				CLANG_WARN_RANGE_LOOP_ANALYSIS = YES;
				CLANG_WARN_STRICT_PROTOTYPES = YES;
				CLANG_WARN_SUSPICIOUS_MOVE = YES;
				CLANG_WARN_UNGUARDED_AVAILABILITY = YES_AGGRESSIVE;
				CLANG_WARN_UNREACHABLE_CODE = YES;
				CLANG_WARN__DUPLICATE_METHOD_MATCH = YES;
				COPY_PHASE_STRIP = NO;
				DEBUG_INFORMATION_FORMAT = "dwarf-with-dsym";
				ENABLE_NS_ASSERTIONS = NO;
				ENABLE_STRICT_OBJC_MSGSEND = YES;
				GCC_C_LANGUAGE_STANDARD = gnu11;
				GCC_NO_COMMON_BLOCKS = YES;
				GCC_WARN_64_TO_32_BIT_CONVERSION = YES;
				GCC_WARN_ABOUT_RETURN_TYPE = YES_ERROR;
				GCC_WARN_UNDECLARED_SELECTOR = YES;
				GCC_WARN_UNINITIALIZED_AUTOS = YES_AGGRESSIVE;
				GCC_WARN_UNUSED_FUNCTION = YES;
				GCC_WARN_UNUSED_VARIABLE = YES;
				IPHONEOS_DEPLOYMENT_TARGET = 16.4;
				MTL_ENABLE_DEBUG_INFO = NO;
				MTL_FAST_MATH = YES;
				SDKROOT = iphoneos;
				SWIFT_COMPILATION_MODE = wholemodule;
				SWIFT_OPTIMIZATION_LEVEL = "-O";
				VALIDATE_PRODUCT = YES;
			};
			name = Release;
		};
		5A26E3D529D9EBF800920F40 /* Debug */ = {
			isa = XCBuildConfiguration;
			buildSettings = {
				ASSETCATALOG_COMPILER_APPICON_NAME = AppIcon;
				ASSETCATALOG_COMPILER_GLOBAL_ACCENT_COLOR_NAME = AccentColor;
				CODE_SIGN_STYLE = Automatic;
				CURRENT_PROJECT_VERSION = 1;
				DEVELOPMENT_ASSET_PATHS = "\"DogCat App/Preview Content\"";
				DEVELOPMENT_TEAM = G2S5NXG875;
				ENABLE_PREVIEWS = YES;
				GENERATE_INFOPLIST_FILE = YES;
				INFOPLIST_KEY_UIApplicationSceneManifest_Generation = YES;
				INFOPLIST_KEY_UIApplicationSupportsIndirectInputEvents = YES;
				INFOPLIST_KEY_UILaunchScreen_Generation = YES;
				INFOPLIST_KEY_UISupportedInterfaceOrientations_iPad = "UIInterfaceOrientationPortrait UIInterfaceOrientationPortraitUpsideDown UIInterfaceOrientationLandscapeLeft UIInterfaceOrientationLandscapeRight";
				INFOPLIST_KEY_UISupportedInterfaceOrientations_iPhone = "UIInterfaceOrientationPortrait UIInterfaceOrientationLandscapeLeft UIInterfaceOrientationLandscapeRight";
				LD_RUNPATH_SEARCH_PATHS = (
					"$(inherited)",
					"@executable_path/Frameworks",
				);
				MARKETING_VERSION = 1.0;
				PRODUCT_BUNDLE_IDENTIFIER = "test.DogCat-App";
				PRODUCT_NAME = "$(TARGET_NAME)";
				SWIFT_EMIT_LOC_STRINGS = YES;
				SWIFT_VERSION = 5.0;
				TARGETED_DEVICE_FAMILY = "1,2";
			};
			name = Debug;
		};
		5A26E3D629D9EBF800920F40 /* Release */ = {
			isa = XCBuildConfiguration;
			buildSettings = {
				ASSETCATALOG_COMPILER_APPICON_NAME = AppIcon;
				ASSETCATALOG_COMPILER_GLOBAL_ACCENT_COLOR_NAME = AccentColor;
				CODE_SIGN_STYLE = Automatic;
				CURRENT_PROJECT_VERSION = 1;
				DEVELOPMENT_ASSET_PATHS = "\"DogCat App/Preview Content\"";
				DEVELOPMENT_TEAM = G2S5NXG875;
				ENABLE_PREVIEWS = YES;
				GENERATE_INFOPLIST_FILE = YES;
				INFOPLIST_KEY_UIApplicationSceneManifest_Generation = YES;
				INFOPLIST_KEY_UIApplicationSupportsIndirectInputEvents = YES;
				INFOPLIST_KEY_UILaunchScreen_Generation = YES;
				INFOPLIST_KEY_UISupportedInterfaceOrientations_iPad = "UIInterfaceOrientationPortrait UIInterfaceOrientationPortraitUpsideDown UIInterfaceOrientationLandscapeLeft UIInterfaceOrientationLandscapeRight";
				INFOPLIST_KEY_UISupportedInterfaceOrientations_iPhone = "UIInterfaceOrientationPortrait UIInterfaceOrientationLandscapeLeft UIInterfaceOrientationLandscapeRight";
				LD_RUNPATH_SEARCH_PATHS = (
					"$(inherited)",
					"@executable_path/Frameworks",
				);
				MARKETING_VERSION = 1.0;
				PRODUCT_BUNDLE_IDENTIFIER = "test.DogCat-App";
				PRODUCT_NAME = "$(TARGET_NAME)";
				SWIFT_EMIT_LOC_STRINGS = YES;
				SWIFT_VERSION = 5.0;
				TARGETED_DEVICE_FAMILY = "1,2";
			};
			name = Release;
		};
/* End XCBuildConfiguration section */

/* Begin XCConfigurationList section */
		5A26E3C129D9EBF700920F40 /* Build configuration list for PBXProject "DogCat App" */ = {
			isa = XCConfigurationList;
			buildConfigurations = (
				5A26E3D229D9EBF800920F40 /* Debug */,
				5A26E3D329D9EBF800920F40 /* Release */,
			);
			defaultConfigurationIsVisible = 0;
			defaultConfigurationName = Release;
		};
		5A26E3D429D9EBF800920F40 /* Build configuration list for PBXNativeTarget "DogCat App" */ = {
			isa = XCConfigurationList;
			buildConfigurations = (
				5A26E3D529D9EBF800920F40 /* Debug */,
				5A26E3D629D9EBF800920F40 /* Release */,
			);
			defaultConfigurationIsVisible = 0;
			defaultConfigurationName = Release;
		};
/* End XCConfigurationList section */

/* Begin XCRemoteSwiftPackageReference section */
		5A26E3DF29D9F10700920F40 /* XCRemoteSwiftPackageReference "Alamofire" */ = {
			isa = XCRemoteSwiftPackageReference;
			repositoryURL = "https://github.com/Alamofire/Alamofire.git";
			requirement = {
				kind = upToNextMajorVersion;
				minimumVersion = 5.0.0;
			};
		};
		5A26E3E229D9F14300920F40 /* XCRemoteSwiftPackageReference "SwiftyJSON" */ = {
			isa = XCRemoteSwiftPackageReference;
			repositoryURL = "https://github.com/SwiftyJSON/SwiftyJSON.git";
			requirement = {
				kind = upToNextMajorVersion;
				minimumVersion = 5.0.0;
			};
		};
/* End XCRemoteSwiftPackageReference section */

/* Begin XCSwiftPackageProductDependency section */
		5A26E3E029D9F10700920F40 /* Alamofire */ = {
			isa = XCSwiftPackageProductDependency;
			package = 5A26E3DF29D9F10700920F40 /* XCRemoteSwiftPackageReference "Alamofire" */;
			productName = Alamofire;
		};
		5A26E3E329D9F14300920F40 /* SwiftyJSON */ = {
			isa = XCSwiftPackageProductDependency;
			package = 5A26E3E229D9F14300920F40 /* XCRemoteSwiftPackageReference "SwiftyJSON" */;
			productName = SwiftyJSON;
		};
/* End XCSwiftPackageProductDependency section */
	};
	rootObject = 5A26E3BE29D9EBF700920F40 /* Project object */;
}
